
Microsoft Visual Studio Solution File, Format Version 12.00
# Visual Studio Version 17
VisualStudioVersion = 17.5.002.0
MinimumVisualStudioVersion = 10.0.40219.1
Project("{9A19103F-16F7-4668-BE54-9A1E7A4F7556}") = "aula04", "aula04\aula04.csproj", "{D729E549-39A1-4439-8216-8C2862112043}"
EndProject
Project("{9A19103F-16F7-4668-BE54-9A1E7A4F7556}") = "Aula08", "Aula08\Aula08.csproj", "{62672499-1D23-4D86-9AF0-C77AE1F5BF9B}"
EndProject
Project("{9A19103F-16F7-4668-BE54-9A1E7A4F7556}") = "aula06", "aula06\aula06.csproj", "{A91E8A9F-8ED0-4271-964B-0B6B79F39EA4}"
EndProject
Project("{9A19103F-16F7-4668-BE54-9A1E7A4F7556}") = "Aula07", "Aula07\Aula07.csproj", "{6F1FEF00-B1EC-409A-8B78-691A0E95B3F5}"
EndProject
Project("{9A19103F-16F7-4668-BE54-9A1E7A4F7556}") = "aula5", "aula5\aula5.csproj", "{189F89B1-F3E0-494D-AF7A-7615BDE84C1B}"
EndProject
Global
	GlobalSection(SolutionConfigurationPlatforms) = preSolution
		Debug|Any CPU = Debug|Any CPU
		Release|Any CPU = Release|Any CPU
	EndGlobalSection
	GlobalSection(ProjectConfigurationPlatforms) = postSolution
		{D729E549-39A1-4439-8216-8C2862112043}.Debug|Any CPU.ActiveCfg = Debug|Any CPU
		{D729E549-39A1-4439-8216-8C2862112043}.Debug|Any CPU.Build.0 = Debug|Any CPU
		{D729E549-39A1-4439-8216-8C2862112043}.Release|Any CPU.ActiveCfg = Release|Any CPU
		{D729E549-39A1-4439-8216-8C2862112043}.Release|Any CPU.Build.0 = Release|Any CPU
		{62672499-1D23-4D86-9AF0-C77AE1F5BF9B}.Debug|Any CPU.ActiveCfg = Debug|Any CPU
		{62672499-1D23-4D86-9AF0-C77AE1F5BF9B}.Debug|Any CPU.Build.0 = Debug|Any CPU
		{62672499-1D23-4D86-9AF0-C77AE1F5BF9B}.Release|Any CPU.ActiveCfg = Release|Any CPU
		{62672499-1D23-4D86-9AF0-C77AE1F5BF9B}.Release|Any CPU.Build.0 = Release|Any CPU
		{A91E8A9F-8ED0-4271-964B-0B6B79F39EA4}.Debug|Any CPU.ActiveCfg = Debug|Any CPU
		{A91E8A9F-8ED0-4271-964B-0B6B79F39EA4}.Debug|Any CPU.Build.0 = Debug|Any CPU
		{A91E8A9F-8ED0-4271-964B-0B6B79F39EA4}.Release|Any CPU.ActiveCfg = Release|Any CPU
		{A91E8A9F-8ED0-4271-964B-0B6B79F39EA4}.Release|Any CPU.Build.0 = Release|Any CPU
		{6F1FEF00-B1EC-409A-8B78-691A0E95B3F5}.Debug|Any CPU.ActiveCfg = Debug|Any CPU
		{6F1FEF00-B1EC-409A-8B78-691A0E95B3F5}.Debug|Any CPU.Build.0 = Debug|Any CPU
		{6F1FEF00-B1EC-409A-8B78-691A0E95B3F5}.Release|Any CPU.ActiveCfg = Release|Any CPU
		{6F1FEF00-B1EC-409A-8B78-691A0E95B3F5}.Release|Any CPU.Build.0 = Release|Any CPU
		{189F89B1-F3E0-494D-AF7A-7615BDE84C1B}.Debug|Any CPU.ActiveCfg = Debug|Any CPU
		{189F89B1-F3E0-494D-AF7A-7615BDE84C1B}.Debug|Any CPU.Build.0 = Debug|Any CPU
		{189F89B1-F3E0-494D-AF7A-7615BDE84C1B}.Release|Any CPU.ActiveCfg = Release|Any CPU
		{189F89B1-F3E0-494D-AF7A-7615BDE84C1B}.Release|Any CPU.Build.0 = Release|Any CPU
	EndGlobalSection
	GlobalSection(SolutionProperties) = preSolution
		HideSolutionNode = FALSE
	EndGlobalSection
	GlobalSection(ExtensibilityGlobals) = postSolution
		SolutionGuid = {73FAF1B3-4DE6-44F7-9E9D-843BB9797AFA}
	EndGlobalSection
EndGlobal
