
Microsoft Visual Studio Solution File, Format Version 12.00
# Visual Studio Version 17
VisualStudioVersion = 17.5.002.0
MinimumVisualStudioVersion = 10.0.40219.1
Project("{9A19103F-16F7-4668-BE54-9A1E7A4F7556}") = "BlazorApp", "BlazorApp\BlazorApp.csproj", "{3BB4C9C0-63F9-421D-8282-4DE71792729F}"
EndProject
Project("{2150E333-8FDC-42A3-9474-1A3956D46DE8}") = "DesenvolvimentoSistemas", "DesenvolvimentoSistemas", "{FE8183CE-5E6E-4357-85EC-2649BDA0F2A9}"
EndProject
Project("{9A19103F-16F7-4668-BE54-9A1E7A4F7556}") = "Aula13_OTO", "DesenvolvimentoSistemas\Aula13_OTO\Aula13_OTO.csproj", "{F9B90D31-93EA-4AB3-91FD-A7EF3653A13B}"
EndProject
Project("{9A19103F-16F7-4668-BE54-9A1E7A4F7556}") = "Aula12_TPH", "DesenvolvimentoSistemas\Aula12_TPH\Aula12_TPH.csproj", "{ECCC098B-1E3F-403E-B101-3FAA074B30E2}"
EndProject
Project("{9A19103F-16F7-4668-BE54-9A1E7A4F7556}") = "aula04", "DesenvolvimentoSistemas\aula04\aula04.csproj", "{6BB7ED23-28EA-4588-B1BD-1CD795C859C0}"
EndProject
Project("{9A19103F-16F7-4668-BE54-9A1E7A4F7556}") = "Aula13_OTM", "DesenvolvimentoSistemas\Aula13_OTM\Aula13_OTM.csproj", "{E0377DB1-23E6-4654-AF26-48DE2FDF6E4C}"
EndProject
Project("{9A19103F-16F7-4668-BE54-9A1E7A4F7556}") = "Aula08", "DesenvolvimentoSistemas\Aula08\Aula08.csproj", "{1B9FF772-9A83-4F41-9636-DD361FDFF306}"
EndProject
Project("{9A19103F-16F7-4668-BE54-9A1E7A4F7556}") = "Aula11", "DesenvolvimentoSistemas\Aula11\Aula11.csproj", "{8C70C8DB-49B0-4F98-B52F-D7E8F1B7CEF6}"
EndProject
Project("{9A19103F-16F7-4668-BE54-9A1E7A4F7556}") = "aulaConteiner", "DesenvolvimentoSistemas\aulaConteiner\aulaConteiner.csproj", "{9CBE3F55-8B6C-40AE-9E61-A389B1FBCE37}"
EndProject
Project("{9A19103F-16F7-4668-BE54-9A1E7A4F7556}") = "Aula12", "DesenvolvimentoSistemas\Aula12\Aula12.csproj", "{DF6ACB60-4D58-460F-BEFD-F3741F8639CB}"
EndProject
Project("{9A19103F-16F7-4668-BE54-9A1E7A4F7556}") = "Aula12_TPT", "DesenvolvimentoSistemas\Aula12_TPT\Aula12_TPT.csproj", "{F8A35A8A-77B9-44BF-BFAD-6633D67FF23A}"
EndProject
Project("{9A19103F-16F7-4668-BE54-9A1E7A4F7556}") = "aula06", "DesenvolvimentoSistemas\aula06\aula06.csproj", "{3F0CCC92-1032-4631-9765-F7E625B672A3}"
EndProject
Project("{9A19103F-16F7-4668-BE54-9A1E7A4F7556}") = "Aula07", "DesenvolvimentoSistemas\Aula07\Aula07.csproj", "{ED61C3C1-3CB1-4436-A450-C5499AD5858F}"
EndProject
Project("{9A19103F-16F7-4668-BE54-9A1E7A4F7556}") = "aula10", "DesenvolvimentoSistemas\aula10\aula10.csproj", "{555ADD2D-D347-4B42-BE4D-E926CC4E9091}"
EndProject
Project("{9A19103F-16F7-4668-BE54-9A1E7A4F7556}") = "aula5", "DesenvolvimentoSistemas\aula5\aula5.csproj", "{D59B14CE-1B2D-49C5-8689-D3F6014B5FE6}"
EndProject
Project("{9A19103F-16F7-4668-BE54-9A1E7A4F7556}") = "Aula09", "DesenvolvimentoSistemas\Aula09\Aula09.csproj", "{6E3FC575-D1CB-4C72-A5AA-32A29793C52F}"
EndProject
Global
	GlobalSection(SolutionConfigurationPlatforms) = preSolution
		Debug|Any CPU = Debug|Any CPU
		Release|Any CPU = Release|Any CPU
	EndGlobalSection
	GlobalSection(ProjectConfigurationPlatforms) = postSolution
		{3BB4C9C0-63F9-421D-8282-4DE71792729F}.Debug|Any CPU.ActiveCfg = Debug|Any CPU
		{3BB4C9C0-63F9-421D-8282-4DE71792729F}.Debug|Any CPU.Build.0 = Debug|Any CPU
		{3BB4C9C0-63F9-421D-8282-4DE71792729F}.Release|Any CPU.ActiveCfg = Release|Any CPU
		{3BB4C9C0-63F9-421D-8282-4DE71792729F}.Release|Any CPU.Build.0 = Release|Any CPU
		{F9B90D31-93EA-4AB3-91FD-A7EF3653A13B}.Debug|Any CPU.ActiveCfg = Debug|Any CPU
		{F9B90D31-93EA-4AB3-91FD-A7EF3653A13B}.Debug|Any CPU.Build.0 = Debug|Any CPU
		{F9B90D31-93EA-4AB3-91FD-A7EF3653A13B}.Release|Any CPU.ActiveCfg = Release|Any CPU
		{F9B90D31-93EA-4AB3-91FD-A7EF3653A13B}.Release|Any CPU.Build.0 = Release|Any CPU
		{ECCC098B-1E3F-403E-B101-3FAA074B30E2}.Debug|Any CPU.ActiveCfg = Debug|Any CPU
		{ECCC098B-1E3F-403E-B101-3FAA074B30E2}.Debug|Any CPU.Build.0 = Debug|Any CPU
		{ECCC098B-1E3F-403E-B101-3FAA074B30E2}.Release|Any CPU.ActiveCfg = Release|Any CPU
		{ECCC098B-1E3F-403E-B101-3FAA074B30E2}.Release|Any CPU.Build.0 = Release|Any CPU
		{6BB7ED23-28EA-4588-B1BD-1CD795C859C0}.Debug|Any CPU.ActiveCfg = Debug|Any CPU
		{6BB7ED23-28EA-4588-B1BD-1CD795C859C0}.Debug|Any CPU.Build.0 = Debug|Any CPU
		{6BB7ED23-28EA-4588-B1BD-1CD795C859C0}.Release|Any CPU.ActiveCfg = Release|Any CPU
		{6BB7ED23-28EA-4588-B1BD-1CD795C859C0}.Release|Any CPU.Build.0 = Release|Any CPU
		{E0377DB1-23E6-4654-AF26-48DE2FDF6E4C}.Debug|Any CPU.ActiveCfg = Debug|Any CPU
		{E0377DB1-23E6-4654-AF26-48DE2FDF6E4C}.Debug|Any CPU.Build.0 = Debug|Any CPU
		{E0377DB1-23E6-4654-AF26-48DE2FDF6E4C}.Release|Any CPU.ActiveCfg = Release|Any CPU
		{E0377DB1-23E6-4654-AF26-48DE2FDF6E4C}.Release|Any CPU.Build.0 = Release|Any CPU
		{1B9FF772-9A83-4F41-9636-DD361FDFF306}.Debug|Any CPU.ActiveCfg = Debug|Any CPU
		{1B9FF772-9A83-4F41-9636-DD361FDFF306}.Debug|Any CPU.Build.0 = Debug|Any CPU
		{1B9FF772-9A83-4F41-9636-DD361FDFF306}.Release|Any CPU.ActiveCfg = Release|Any CPU
		{1B9FF772-9A83-4F41-9636-DD361FDFF306}.Release|Any CPU.Build.0 = Release|Any CPU
		{8C70C8DB-49B0-4F98-B52F-D7E8F1B7CEF6}.Debug|Any CPU.ActiveCfg = Debug|Any CPU
		{8C70C8DB-49B0-4F98-B52F-D7E8F1B7CEF6}.Debug|Any CPU.Build.0 = Debug|Any CPU
		{8C70C8DB-49B0-4F98-B52F-D7E8F1B7CEF6}.Release|Any CPU.ActiveCfg = Release|Any CPU
		{8C70C8DB-49B0-4F98-B52F-D7E8F1B7CEF6}.Release|Any CPU.Build.0 = Release|Any CPU
		{9CBE3F55-8B6C-40AE-9E61-A389B1FBCE37}.Debug|Any CPU.ActiveCfg = Debug|Any CPU
		{9CBE3F55-8B6C-40AE-9E61-A389B1FBCE37}.Debug|Any CPU.Build.0 = Debug|Any CPU
		{9CBE3F55-8B6C-40AE-9E61-A389B1FBCE37}.Release|Any CPU.ActiveCfg = Release|Any CPU
		{9CBE3F55-8B6C-40AE-9E61-A389B1FBCE37}.Release|Any CPU.Build.0 = Release|Any CPU
		{DF6ACB60-4D58-460F-BEFD-F3741F8639CB}.Debug|Any CPU.ActiveCfg = Debug|Any CPU
		{DF6ACB60-4D58-460F-BEFD-F3741F8639CB}.Debug|Any CPU.Build.0 = Debug|Any CPU
		{DF6ACB60-4D58-460F-BEFD-F3741F8639CB}.Release|Any CPU.ActiveCfg = Release|Any CPU
		{DF6ACB60-4D58-460F-BEFD-F3741F8639CB}.Release|Any CPU.Build.0 = Release|Any CPU
		{F8A35A8A-77B9-44BF-BFAD-6633D67FF23A}.Debug|Any CPU.ActiveCfg = Debug|Any CPU
		{F8A35A8A-77B9-44BF-BFAD-6633D67FF23A}.Debug|Any CPU.Build.0 = Debug|Any CPU
		{F8A35A8A-77B9-44BF-BFAD-6633D67FF23A}.Release|Any CPU.ActiveCfg = Release|Any CPU
		{F8A35A8A-77B9-44BF-BFAD-6633D67FF23A}.Release|Any CPU.Build.0 = Release|Any CPU
		{3F0CCC92-1032-4631-9765-F7E625B672A3}.Debug|Any CPU.ActiveCfg = Debug|Any CPU
		{3F0CCC92-1032-4631-9765-F7E625B672A3}.Debug|Any CPU.Build.0 = Debug|Any CPU
		{3F0CCC92-1032-4631-9765-F7E625B672A3}.Release|Any CPU.ActiveCfg = Release|Any CPU
		{3F0CCC92-1032-4631-9765-F7E625B672A3}.Release|Any CPU.Build.0 = Release|Any CPU
		{ED61C3C1-3CB1-4436-A450-C5499AD5858F}.Debug|Any CPU.ActiveCfg = Debug|Any CPU
		{ED61C3C1-3CB1-4436-A450-C5499AD5858F}.Debug|Any CPU.Build.0 = Debug|Any CPU
		{ED61C3C1-3CB1-4436-A450-C5499AD5858F}.Release|Any CPU.ActiveCfg = Release|Any CPU
		{ED61C3C1-3CB1-4436-A450-C5499AD5858F}.Release|Any CPU.Build.0 = Release|Any CPU
		{555ADD2D-D347-4B42-BE4D-E926CC4E9091}.Debug|Any CPU.ActiveCfg = Debug|Any CPU
		{555ADD2D-D347-4B42-BE4D-E926CC4E9091}.Debug|Any CPU.Build.0 = Debug|Any CPU
		{555ADD2D-D347-4B42-BE4D-E926CC4E9091}.Release|Any CPU.ActiveCfg = Release|Any CPU
		{555ADD2D-D347-4B42-BE4D-E926CC4E9091}.Release|Any CPU.Build.0 = Release|Any CPU
		{D59B14CE-1B2D-49C5-8689-D3F6014B5FE6}.Debug|Any CPU.ActiveCfg = Debug|Any CPU
		{D59B14CE-1B2D-49C5-8689-D3F6014B5FE6}.Debug|Any CPU.Build.0 = Debug|Any CPU
		{D59B14CE-1B2D-49C5-8689-D3F6014B5FE6}.Release|Any CPU.ActiveCfg = Release|Any CPU
		{D59B14CE-1B2D-49C5-8689-D3F6014B5FE6}.Release|Any CPU.Build.0 = Release|Any CPU
		{6E3FC575-D1CB-4C72-A5AA-32A29793C52F}.Debug|Any CPU.ActiveCfg = Debug|Any CPU
		{6E3FC575-D1CB-4C72-A5AA-32A29793C52F}.Debug|Any CPU.Build.0 = Debug|Any CPU
		{6E3FC575-D1CB-4C72-A5AA-32A29793C52F}.Release|Any CPU.ActiveCfg = Release|Any CPU
		{6E3FC575-D1CB-4C72-A5AA-32A29793C52F}.Release|Any CPU.Build.0 = Release|Any CPU
	EndGlobalSection
	GlobalSection(SolutionProperties) = preSolution
		HideSolutionNode = FALSE
	EndGlobalSection
	GlobalSection(NestedProjects) = preSolution
		{F9B90D31-93EA-4AB3-91FD-A7EF3653A13B} = {FE8183CE-5E6E-4357-85EC-2649BDA0F2A9}
		{ECCC098B-1E3F-403E-B101-3FAA074B30E2} = {FE8183CE-5E6E-4357-85EC-2649BDA0F2A9}
		{6BB7ED23-28EA-4588-B1BD-1CD795C859C0} = {FE8183CE-5E6E-4357-85EC-2649BDA0F2A9}
		{E0377DB1-23E6-4654-AF26-48DE2FDF6E4C} = {FE8183CE-5E6E-4357-85EC-2649BDA0F2A9}
		{1B9FF772-9A83-4F41-9636-DD361FDFF306} = {FE8183CE-5E6E-4357-85EC-2649BDA0F2A9}
		{8C70C8DB-49B0-4F98-B52F-D7E8F1B7CEF6} = {FE8183CE-5E6E-4357-85EC-2649BDA0F2A9}
		{9CBE3F55-8B6C-40AE-9E61-A389B1FBCE37} = {FE8183CE-5E6E-4357-85EC-2649BDA0F2A9}
		{DF6ACB60-4D58-460F-BEFD-F3741F8639CB} = {FE8183CE-5E6E-4357-85EC-2649BDA0F2A9}
		{F8A35A8A-77B9-44BF-BFAD-6633D67FF23A} = {FE8183CE-5E6E-4357-85EC-2649BDA0F2A9}
		{3F0CCC92-1032-4631-9765-F7E625B672A3} = {FE8183CE-5E6E-4357-85EC-2649BDA0F2A9}
		{ED61C3C1-3CB1-4436-A450-C5499AD5858F} = {FE8183CE-5E6E-4357-85EC-2649BDA0F2A9}
		{555ADD2D-D347-4B42-BE4D-E926CC4E9091} = {FE8183CE-5E6E-4357-85EC-2649BDA0F2A9}
		{D59B14CE-1B2D-49C5-8689-D3F6014B5FE6} = {FE8183CE-5E6E-4357-85EC-2649BDA0F2A9}
		{6E3FC575-D1CB-4C72-A5AA-32A29793C52F} = {FE8183CE-5E6E-4357-85EC-2649BDA0F2A9}
	EndGlobalSection
	GlobalSection(ExtensibilityGlobals) = postSolution
		SolutionGuid = {90572FD7-EC5D-46ED-B2A4-E3BFBA17368E}
	EndGlobalSection
EndGlobal
