
Microsoft Visual Studio Solution File, Format Version 12.00
# Visual Studio Version 17
VisualStudioVersion = 17.5.002.0
MinimumVisualStudioVersion = 10.0.40219.1
Project("{9A19103F-16F7-4668-BE54-9A1E7A4F7556}") = "aula04", "aula04\aula04.csproj", "{7512FA9B-DAC3-45EB-A3AC-9E336D27155A}"
EndProject
Project("{9A19103F-16F7-4668-BE54-9A1E7A4F7556}") = "Aula08", "Aula08\Aula08.csproj", "{8DB6D306-BE95-4A44-9373-11AA820E1B06}"
EndProject
Project("{9A19103F-16F7-4668-BE54-9A1E7A4F7556}") = "aula06", "aula06\aula06.csproj", "{6B9A568E-1B87-4252-8081-CC566045AAB8}"
EndProject
Project("{9A19103F-16F7-4668-BE54-9A1E7A4F7556}") = "Aula07", "Aula07\Aula07.csproj", "{5A105BF7-9F0E-43C8-96B7-4C1BDF929C47}"
EndProject
Project("{9A19103F-16F7-4668-BE54-9A1E7A4F7556}") = "aula5", "aula5\aula5.csproj", "{6EFC1149-77CA-4D33-A20E-CD8A81919B33}"
EndProject
Global
	GlobalSection(SolutionConfigurationPlatforms) = preSolution
		Debug|Any CPU = Debug|Any CPU
		Release|Any CPU = Release|Any CPU
	EndGlobalSection
	GlobalSection(ProjectConfigurationPlatforms) = postSolution
		{7512FA9B-DAC3-45EB-A3AC-9E336D27155A}.Debug|Any CPU.ActiveCfg = Debug|Any CPU
		{7512FA9B-DAC3-45EB-A3AC-9E336D27155A}.Debug|Any CPU.Build.0 = Debug|Any CPU
		{7512FA9B-DAC3-45EB-A3AC-9E336D27155A}.Release|Any CPU.ActiveCfg = Release|Any CPU
		{7512FA9B-DAC3-45EB-A3AC-9E336D27155A}.Release|Any CPU.Build.0 = Release|Any CPU
		{8DB6D306-BE95-4A44-9373-11AA820E1B06}.Debug|Any CPU.ActiveCfg = Debug|Any CPU
		{8DB6D306-BE95-4A44-9373-11AA820E1B06}.Debug|Any CPU.Build.0 = Debug|Any CPU
		{8DB6D306-BE95-4A44-9373-11AA820E1B06}.Release|Any CPU.ActiveCfg = Release|Any CPU
		{8DB6D306-BE95-4A44-9373-11AA820E1B06}.Release|Any CPU.Build.0 = Release|Any CPU
		{6B9A568E-1B87-4252-8081-CC566045AAB8}.Debug|Any CPU.ActiveCfg = Debug|Any CPU
		{6B9A568E-1B87-4252-8081-CC566045AAB8}.Debug|Any CPU.Build.0 = Debug|Any CPU
		{6B9A568E-1B87-4252-8081-CC566045AAB8}.Release|Any CPU.ActiveCfg = Release|Any CPU
		{6B9A568E-1B87-4252-8081-CC566045AAB8}.Release|Any CPU.Build.0 = Release|Any CPU
		{5A105BF7-9F0E-43C8-96B7-4C1BDF929C47}.Debug|Any CPU.ActiveCfg = Debug|Any CPU
		{5A105BF7-9F0E-43C8-96B7-4C1BDF929C47}.Debug|Any CPU.Build.0 = Debug|Any CPU
		{5A105BF7-9F0E-43C8-96B7-4C1BDF929C47}.Release|Any CPU.ActiveCfg = Release|Any CPU
		{5A105BF7-9F0E-43C8-96B7-4C1BDF929C47}.Release|Any CPU.Build.0 = Release|Any CPU
		{6EFC1149-77CA-4D33-A20E-CD8A81919B33}.Debug|Any CPU.ActiveCfg = Debug|Any CPU
		{6EFC1149-77CA-4D33-A20E-CD8A81919B33}.Debug|Any CPU.Build.0 = Debug|Any CPU
		{6EFC1149-77CA-4D33-A20E-CD8A81919B33}.Release|Any CPU.ActiveCfg = Release|Any CPU
		{6EFC1149-77CA-4D33-A20E-CD8A81919B33}.Release|Any CPU.Build.0 = Release|Any CPU
	EndGlobalSection
	GlobalSection(SolutionProperties) = preSolution
		HideSolutionNode = FALSE
	EndGlobalSection
	GlobalSection(ExtensibilityGlobals) = postSolution
		SolutionGuid = {73FAF1B3-4DE6-44F7-9E9D-843BB9797AFA}
	EndGlobalSection
EndGlobal
